// !$*UTF8*$!
{
	archiveVersion = 1;
	classes = {
	};
	objectVersion = 56;
	objects = {

/* Begin PBXBuildFile section */
		1B05AFB42B43B47100F02D5C /* MainViewController.m in Sources */ = {isa = PBXBuildFile; fileRef = 1B05AFB32B43B47100F02D5C /* MainViewController.m */; };
		1B05AFB72B43B47100F02D5C /* Main.storyboard in Resources */ = {isa = PBXBuildFile; fileRef = 1B05AFB52B43B47100F02D5C /* Main.storyboard */; };
		1B05AFBC2B43B47300F02D5C /* LaunchScreen.storyboard in Resources */ = {isa = PBXBuildFile; fileRef = 1B05AFBA2B43B47300F02D5C /* LaunchScreen.storyboard */; };
		1B05AFBF2B43B47300F02D5C /* main.m in Sources */ = {isa = PBXBuildFile; fileRef = 1B05AFBE2B43B47300F02D5C /* main.m */; };
		1B05AFC92B43B47300F02D5C /* OBJC_TodoTests.m in Sources */ = {isa = PBXBuildFile; fileRef = 1B05AFC82B43B47300F02D5C /* OBJC_TodoTests.m */; };
		1B05AFD32B43B47300F02D5C /* OBJC_TodoUITests.m in Sources */ = {isa = PBXBuildFile; fileRef = 1B05AFD22B43B47300F02D5C /* OBJC_TodoUITests.m */; };
		1B05AFD52B43B47300F02D5C /* OBJC_TodoUITestsLaunchTests.m in Sources */ = {isa = PBXBuildFile; fileRef = 1B05AFD42B43B47300F02D5C /* OBJC_TodoUITestsLaunchTests.m */; };
		1B05AFE92B43BD2400F02D5C /* Assets.xcassets in Resources */ = {isa = PBXBuildFile; fileRef = 1B05AFE32B43BD2400F02D5C /* Assets.xcassets */; };
		1B05AFEA2B43BD2400F02D5C /* SceneDelegate.m in Sources */ = {isa = PBXBuildFile; fileRef = 1B05AFE42B43BD2400F02D5C /* SceneDelegate.m */; };
		1B05AFEC2B43BD2400F02D5C /* AppDelegate.m in Sources */ = {isa = PBXBuildFile; fileRef = 1B05AFE62B43BD2400F02D5C /* AppDelegate.m */; };
		1B05AFF32B43DCF200F02D5C /* MainTableViewCell.xib in Resources */ = {isa = PBXBuildFile; fileRef = 1B05AFF22B43DCF200F02D5C /* MainTableViewCell.xib */; };
		1B05AFFD2B44FB1E00F02D5C /* TodoModel.m in Sources */ = {isa = PBXBuildFile; fileRef = 1B05AFFC2B44FB1E00F02D5C /* TodoModel.m */; };
		1B05B0002B453EEA00F02D5C /* MainTableViewCell.m in Sources */ = {isa = PBXBuildFile; fileRef = 1B05AFFF2B453EEA00F02D5C /* MainTableViewCell.m */; };
		421F5A617B6845A679071EF3 /* Podfile in Resources */ = {isa = PBXBuildFile; fileRef = 421F5636017AA0FEE0DB440A /* Podfile */; };
		421F5CA846E2F4F5BC832CEC /* README.md in Resources */ = {isa = PBXBuildFile; fileRef = 421F51BCFC0628AD4BB3D09B /* README.md */; };
		4657CF3776016DB246F621C9 /* Pods_OBJC_TodoTests.framework in Frameworks */ = {isa = PBXBuildFile; fileRef = 17F704B687F0AD294D22AAE4 /* Pods_OBJC_TodoTests.framework */; };
		7E281364DBBCFFC0A2F84714 /* Pods_OBJC_Todo.framework in Frameworks */ = {isa = PBXBuildFile; fileRef = 4DF0AA78394705A1047468DA /* Pods_OBJC_Todo.framework */; };
		BAEFE335B8C6AF015B634A0E /* Pods_OBJC_Todo_OBJC_TodoUITests.framework in Frameworks */ = {isa = PBXBuildFile; fileRef = 7FC8EF91471F20FFBF057C77 /* Pods_OBJC_Todo_OBJC_TodoUITests.framework */; };
/* End PBXBuildFile section */

/* Begin PBXContainerItemProxy section */
		1B05AFC52B43B47300F02D5C /* PBXContainerItemProxy */ = {
			isa = PBXContainerItemProxy;
			containerPortal = 1B05AFA12B43B47100F02D5C /* Project object */;
			proxyType = 1;
			remoteGlobalIDString = 1B05AFA82B43B47100F02D5C;
			remoteInfo = "OBJC-Todo";
		};
		1B05AFCF2B43B47300F02D5C /* PBXContainerItemProxy */ = {
			isa = PBXContainerItemProxy;
			containerPortal = 1B05AFA12B43B47100F02D5C /* Project object */;
			proxyType = 1;
			remoteGlobalIDString = 1B05AFA82B43B47100F02D5C;
			remoteInfo = "OBJC-Todo";
		};
/* End PBXContainerItemProxy section */

/* Begin PBXFileReference section */
		0A99ADC1C634F047227E5E67 /* Pods-OBJC-TodoTests.release.xcconfig */ = {isa = PBXFileReference; includeInIndex = 1; lastKnownFileType = text.xcconfig; name = "Pods-OBJC-TodoTests.release.xcconfig"; path = "Target Support Files/Pods-OBJC-TodoTests/Pods-OBJC-TodoTests.release.xcconfig"; sourceTree = "<group>"; };
		112467C469C061F19D8FD6E0 /* Pods-OBJC-Todo-OBJC-TodoUITests.release.xcconfig */ = {isa = PBXFileReference; includeInIndex = 1; lastKnownFileType = text.xcconfig; name = "Pods-OBJC-Todo-OBJC-TodoUITests.release.xcconfig"; path = "Target Support Files/Pods-OBJC-Todo-OBJC-TodoUITests/Pods-OBJC-Todo-OBJC-TodoUITests.release.xcconfig"; sourceTree = "<group>"; };
		17F704B687F0AD294D22AAE4 /* Pods_OBJC_TodoTests.framework */ = {isa = PBXFileReference; explicitFileType = wrapper.framework; includeInIndex = 0; path = Pods_OBJC_TodoTests.framework; sourceTree = BUILT_PRODUCTS_DIR; };
		1B05AFA92B43B47100F02D5C /* OBJC-Todo.app */ = {isa = PBXFileReference; explicitFileType = wrapper.application; includeInIndex = 0; path = "OBJC-Todo.app"; sourceTree = BUILT_PRODUCTS_DIR; };
		1B05AFB22B43B47100F02D5C /* MainViewController.h */ = {isa = PBXFileReference; lastKnownFileType = sourcecode.c.h; path = MainViewController.h; sourceTree = "<group>"; };
		1B05AFB32B43B47100F02D5C /* MainViewController.m */ = {isa = PBXFileReference; lastKnownFileType = sourcecode.c.objc; path = MainViewController.m; sourceTree = "<group>"; };
		1B05AFB62B43B47100F02D5C /* Base */ = {isa = PBXFileReference; lastKnownFileType = file.storyboard; name = Base; path = Base.lproj/Main.storyboard; sourceTree = "<group>"; };
		1B05AFBB2B43B47300F02D5C /* Base */ = {isa = PBXFileReference; lastKnownFileType = file.storyboard; name = Base; path = Base.lproj/LaunchScreen.storyboard; sourceTree = "<group>"; };
		1B05AFBE2B43B47300F02D5C /* main.m */ = {isa = PBXFileReference; lastKnownFileType = sourcecode.c.objc; path = main.m; sourceTree = "<group>"; };
		1B05AFC42B43B47300F02D5C /* OBJC-TodoTests.xctest */ = {isa = PBXFileReference; explicitFileType = wrapper.cfbundle; includeInIndex = 0; path = "OBJC-TodoTests.xctest"; sourceTree = BUILT_PRODUCTS_DIR; };
		1B05AFC82B43B47300F02D5C /* OBJC_TodoTests.m */ = {isa = PBXFileReference; lastKnownFileType = sourcecode.c.objc; path = OBJC_TodoTests.m; sourceTree = "<group>"; };
		1B05AFCE2B43B47300F02D5C /* OBJC-TodoUITests.xctest */ = {isa = PBXFileReference; explicitFileType = wrapper.cfbundle; includeInIndex = 0; path = "OBJC-TodoUITests.xctest"; sourceTree = BUILT_PRODUCTS_DIR; };
		1B05AFD22B43B47300F02D5C /* OBJC_TodoUITests.m */ = {isa = PBXFileReference; lastKnownFileType = sourcecode.c.objc; path = OBJC_TodoUITests.m; sourceTree = "<group>"; };
		1B05AFD42B43B47300F02D5C /* OBJC_TodoUITestsLaunchTests.m */ = {isa = PBXFileReference; lastKnownFileType = sourcecode.c.objc; path = OBJC_TodoUITestsLaunchTests.m; sourceTree = "<group>"; };
		1B05AFE22B43BD2400F02D5C /* AppDelegate.h */ = {isa = PBXFileReference; fileEncoding = 4; lastKnownFileType = sourcecode.c.h; path = AppDelegate.h; sourceTree = "<group>"; };
		1B05AFE32B43BD2400F02D5C /* Assets.xcassets */ = {isa = PBXFileReference; lastKnownFileType = folder.assetcatalog; path = Assets.xcassets; sourceTree = "<group>"; };
		1B05AFE42B43BD2400F02D5C /* SceneDelegate.m */ = {isa = PBXFileReference; fileEncoding = 4; lastKnownFileType = sourcecode.c.objc; path = SceneDelegate.m; sourceTree = "<group>"; };
		1B05AFE62B43BD2400F02D5C /* AppDelegate.m */ = {isa = PBXFileReference; fileEncoding = 4; lastKnownFileType = sourcecode.c.objc; path = AppDelegate.m; sourceTree = "<group>"; };
		1B05AFE72B43BD2400F02D5C /* Info.plist */ = {isa = PBXFileReference; fileEncoding = 4; lastKnownFileType = text.plist.xml; path = Info.plist; sourceTree = "<group>"; };
		1B05AFE82B43BD2400F02D5C /* SceneDelegate.h */ = {isa = PBXFileReference; fileEncoding = 4; lastKnownFileType = sourcecode.c.h; path = SceneDelegate.h; sourceTree = "<group>"; };
		1B05AFF22B43DCF200F02D5C /* MainTableViewCell.xib */ = {isa = PBXFileReference; lastKnownFileType = file.xib; path = MainTableViewCell.xib; sourceTree = "<group>"; };
		1B05AFFB2B44FB1E00F02D5C /* TodoModel.h */ = {isa = PBXFileReference; lastKnownFileType = sourcecode.c.h; path = TodoModel.h; sourceTree = "<group>"; };
		1B05AFFC2B44FB1E00F02D5C /* TodoModel.m */ = {isa = PBXFileReference; lastKnownFileType = sourcecode.c.objc; path = TodoModel.m; sourceTree = "<group>"; };
		1B05AFFE2B453EEA00F02D5C /* MainTableViewCell.h */ = {isa = PBXFileReference; lastKnownFileType = sourcecode.c.h; path = MainTableViewCell.h; sourceTree = "<group>"; };
		1B05AFFF2B453EEA00F02D5C /* MainTableViewCell.m */ = {isa = PBXFileReference; lastKnownFileType = sourcecode.c.objc; path = MainTableViewCell.m; sourceTree = "<group>"; };
		421F51BCFC0628AD4BB3D09B /* README.md */ = {isa = PBXFileReference; lastKnownFileType = file.md; path = README.md; sourceTree = "<group>"; };
		421F5636017AA0FEE0DB440A /* Podfile */ = {isa = PBXFileReference; lastKnownFileType = text; path = Podfile; sourceTree = "<group>"; };
		48BB67BD92000AC2A3249697 /* Pods-OBJC-Todo.debug.xcconfig */ = {isa = PBXFileReference; includeInIndex = 1; lastKnownFileType = text.xcconfig; name = "Pods-OBJC-Todo.debug.xcconfig"; path = "Target Support Files/Pods-OBJC-Todo/Pods-OBJC-Todo.debug.xcconfig"; sourceTree = "<group>"; };
		4DF0AA78394705A1047468DA /* Pods_OBJC_Todo.framework */ = {isa = PBXFileReference; explicitFileType = wrapper.framework; includeInIndex = 0; path = Pods_OBJC_Todo.framework; sourceTree = BUILT_PRODUCTS_DIR; };
		7FC8EF91471F20FFBF057C77 /* Pods_OBJC_Todo_OBJC_TodoUITests.framework */ = {isa = PBXFileReference; explicitFileType = wrapper.framework; includeInIndex = 0; path = Pods_OBJC_Todo_OBJC_TodoUITests.framework; sourceTree = BUILT_PRODUCTS_DIR; };
		8106CB0E1D6F66641131A76C /* Pods-OBJC-TodoTests.debug.xcconfig */ = {isa = PBXFileReference; includeInIndex = 1; lastKnownFileType = text.xcconfig; name = "Pods-OBJC-TodoTests.debug.xcconfig"; path = "Target Support Files/Pods-OBJC-TodoTests/Pods-OBJC-TodoTests.debug.xcconfig"; sourceTree = "<group>"; };
		A7161D1D34CDD5B3AA2F5F2A /* Pods-OBJC-Todo.release.xcconfig */ = {isa = PBXFileReference; includeInIndex = 1; lastKnownFileType = text.xcconfig; name = "Pods-OBJC-Todo.release.xcconfig"; path = "Target Support Files/Pods-OBJC-Todo/Pods-OBJC-Todo.release.xcconfig"; sourceTree = "<group>"; };
		EC8795938AB9CF0BCCE64917 /* Pods-OBJC-Todo-OBJC-TodoUITests.debug.xcconfig */ = {isa = PBXFileReference; includeInIndex = 1; lastKnownFileType = text.xcconfig; name = "Pods-OBJC-Todo-OBJC-TodoUITests.debug.xcconfig"; path = "Target Support Files/Pods-OBJC-Todo-OBJC-TodoUITests/Pods-OBJC-Todo-OBJC-TodoUITests.debug.xcconfig"; sourceTree = "<group>"; };
/* End PBXFileReference section */

/* Begin PBXFrameworksBuildPhase section */
		1B05AFA62B43B47100F02D5C /* Frameworks */ = {
			isa = PBXFrameworksBuildPhase;
			buildActionMask = 2147483647;
			files = (
				7E281364DBBCFFC0A2F84714 /* Pods_OBJC_Todo.framework in Frameworks */,
			);
			runOnlyForDeploymentPostprocessing = 0;
		};
		1B05AFC12B43B47300F02D5C /* Frameworks */ = {
			isa = PBXFrameworksBuildPhase;
			buildActionMask = 2147483647;
			files = (
				4657CF3776016DB246F621C9 /* Pods_OBJC_TodoTests.framework in Frameworks */,
			);
			runOnlyForDeploymentPostprocessing = 0;
		};
		1B05AFCB2B43B47300F02D5C /* Frameworks */ = {
			isa = PBXFrameworksBuildPhase;
			buildActionMask = 2147483647;
			files = (
				BAEFE335B8C6AF015B634A0E /* Pods_OBJC_Todo_OBJC_TodoUITests.framework in Frameworks */,
			);
			runOnlyForDeploymentPostprocessing = 0;
		};
/* End PBXFrameworksBuildPhase section */

/* Begin PBXGroup section */
		1A6DA55204BBB59BFE70F9A1 /* Frameworks */ = {
			isa = PBXGroup;
			children = (
				4DF0AA78394705A1047468DA /* Pods_OBJC_Todo.framework */,
				7FC8EF91471F20FFBF057C77 /* Pods_OBJC_Todo_OBJC_TodoUITests.framework */,
				17F704B687F0AD294D22AAE4 /* Pods_OBJC_TodoTests.framework */,
			);
			name = Frameworks;
			sourceTree = "<group>";
		};
		1B05AFA02B43B47100F02D5C = {
			isa = PBXGroup;
			children = (
				1B05AFAB2B43B47100F02D5C /* OBJC-Todo */,
				1B05AFC72B43B47300F02D5C /* OBJC-TodoTests */,
				1B05AFD12B43B47300F02D5C /* OBJC-TodoUITests */,
				1B05AFAA2B43B47100F02D5C /* Products */,
				421F51BCFC0628AD4BB3D09B /* README.md */,
				421F5636017AA0FEE0DB440A /* Podfile */,
				28C7FA543B1FE99BA57A2376 /* Pods */,
				1A6DA55204BBB59BFE70F9A1 /* Frameworks */,
			);
			sourceTree = "<group>";
		};
		1B05AFAA2B43B47100F02D5C /* Products */ = {
			isa = PBXGroup;
			children = (
				1B05AFA92B43B47100F02D5C /* OBJC-Todo.app */,
				1B05AFC42B43B47300F02D5C /* OBJC-TodoTests.xctest */,
				1B05AFCE2B43B47300F02D5C /* OBJC-TodoUITests.xctest */,
			);
			name = Products;
			sourceTree = "<group>";
		};
		1B05AFAB2B43B47100F02D5C /* OBJC-Todo */ = {
			isa = PBXGroup;
			children = (
				1B05AFE12B43BD2400F02D5C /* Resources */,
				1B05AFB22B43B47100F02D5C /* MainViewController.h */,
				1B05AFB32B43B47100F02D5C /* MainViewController.m */,
				1B05AFFE2B453EEA00F02D5C /* MainTableViewCell.h */,
				1B05AFFF2B453EEA00F02D5C /* MainTableViewCell.m */,
				1B05AFFB2B44FB1E00F02D5C /* TodoModel.h */,
				1B05AFFC2B44FB1E00F02D5C /* TodoModel.m */,
				1B05AFB52B43B47100F02D5C /* Main.storyboard */,
				1B05AFF22B43DCF200F02D5C /* MainTableViewCell.xib */,
				1B05AFBA2B43B47300F02D5C /* LaunchScreen.storyboard */,
				1B05AFBE2B43B47300F02D5C /* main.m */,
			);
			path = "OBJC-Todo";
			sourceTree = "<group>";
		};
		1B05AFC72B43B47300F02D5C /* OBJC-TodoTests */ = {
			isa = PBXGroup;
			children = (
				1B05AFC82B43B47300F02D5C /* OBJC_TodoTests.m */,
			);
			path = "OBJC-TodoTests";
			sourceTree = "<group>";
		};
		1B05AFD12B43B47300F02D5C /* OBJC-TodoUITests */ = {
			isa = PBXGroup;
			children = (
				1B05AFD22B43B47300F02D5C /* OBJC_TodoUITests.m */,
				1B05AFD42B43B47300F02D5C /* OBJC_TodoUITestsLaunchTests.m */,
			);
			path = "OBJC-TodoUITests";
			sourceTree = "<group>";
		};
		1B05AFE12B43BD2400F02D5C /* Resources */ = {
			isa = PBXGroup;
			children = (
				1B05AFE22B43BD2400F02D5C /* AppDelegate.h */,
				1B05AFE32B43BD2400F02D5C /* Assets.xcassets */,
				1B05AFE42B43BD2400F02D5C /* SceneDelegate.m */,
				1B05AFE62B43BD2400F02D5C /* AppDelegate.m */,
				1B05AFE72B43BD2400F02D5C /* Info.plist */,
				1B05AFE82B43BD2400F02D5C /* SceneDelegate.h */,
			);
			path = Resources;
			sourceTree = "<group>";
		};
		28C7FA543B1FE99BA57A2376 /* Pods */ = {
			isa = PBXGroup;
			children = (
				48BB67BD92000AC2A3249697 /* Pods-OBJC-Todo.debug.xcconfig */,
				A7161D1D34CDD5B3AA2F5F2A /* Pods-OBJC-Todo.release.xcconfig */,
				EC8795938AB9CF0BCCE64917 /* Pods-OBJC-Todo-OBJC-TodoUITests.debug.xcconfig */,
				112467C469C061F19D8FD6E0 /* Pods-OBJC-Todo-OBJC-TodoUITests.release.xcconfig */,
				8106CB0E1D6F66641131A76C /* Pods-OBJC-TodoTests.debug.xcconfig */,
				0A99ADC1C634F047227E5E67 /* Pods-OBJC-TodoTests.release.xcconfig */,
			);
			path = Pods;
			sourceTree = "<group>";
		};
/* End PBXGroup section */

/* Begin PBXNativeTarget section */
		1B05AFA82B43B47100F02D5C /* OBJC-Todo */ = {
			isa = PBXNativeTarget;
			buildConfigurationList = 1B05AFD82B43B47300F02D5C /* Build configuration list for PBXNativeTarget "OBJC-Todo" */;
			buildPhases = (
				40E1DBC9FAE5B90A1861CF32 /* [CP] Check Pods Manifest.lock */,
				1B05AFA52B43B47100F02D5C /* Sources */,
				1B05AFA62B43B47100F02D5C /* Frameworks */,
				1B05AFA72B43B47100F02D5C /* Resources */,
				C9E9888FF666033C4ED3BC52 /* [CP] Embed Pods Frameworks */,
			);
			buildRules = (
			);
			dependencies = (
			);
			name = "OBJC-Todo";
			productName = "OBJC-Todo";
			productReference = 1B05AFA92B43B47100F02D5C /* OBJC-Todo.app */;
			productType = "com.apple.product-type.application";
		};
		1B05AFC32B43B47300F02D5C /* OBJC-TodoTests */ = {
			isa = PBXNativeTarget;
			buildConfigurationList = 1B05AFDB2B43B47300F02D5C /* Build configuration list for PBXNativeTarget "OBJC-TodoTests" */;
			buildPhases = (
				5F75DCA84D25AF11A1E9E24A /* [CP] Check Pods Manifest.lock */,
				1B05AFC02B43B47300F02D5C /* Sources */,
				1B05AFC12B43B47300F02D5C /* Frameworks */,
				1B05AFC22B43B47300F02D5C /* Resources */,
			);
			buildRules = (
			);
			dependencies = (
				1B05AFC62B43B47300F02D5C /* PBXTargetDependency */,
			);
			name = "OBJC-TodoTests";
			productName = "OBJC-TodoTests";
			productReference = 1B05AFC42B43B47300F02D5C /* OBJC-TodoTests.xctest */;
			productType = "com.apple.product-type.bundle.unit-test";
		};
		1B05AFCD2B43B47300F02D5C /* OBJC-TodoUITests */ = {
			isa = PBXNativeTarget;
			buildConfigurationList = 1B05AFDE2B43B47300F02D5C /* Build configuration list for PBXNativeTarget "OBJC-TodoUITests" */;
			buildPhases = (
				ADB39D8F1271C3C48B6615B3 /* [CP] Check Pods Manifest.lock */,
				1B05AFCA2B43B47300F02D5C /* Sources */,
				1B05AFCB2B43B47300F02D5C /* Frameworks */,
				1B05AFCC2B43B47300F02D5C /* Resources */,
				B33E31FD8A8FF1D072FB8B8B /* [CP] Embed Pods Frameworks */,
			);
			buildRules = (
			);
			dependencies = (
				1B05AFD02B43B47300F02D5C /* PBXTargetDependency */,
			);
			name = "OBJC-TodoUITests";
			productName = "OBJC-TodoUITests";
			productReference = 1B05AFCE2B43B47300F02D5C /* OBJC-TodoUITests.xctest */;
			productType = "com.apple.product-type.bundle.ui-testing";
		};
/* End PBXNativeTarget section */

/* Begin PBXProject section */
		1B05AFA12B43B47100F02D5C /* Project object */ = {
			isa = PBXProject;
			attributes = {
				BuildIndependentTargetsInParallel = 1;
				LastUpgradeCheck = 1430;
				TargetAttributes = {
					1B05AFA82B43B47100F02D5C = {
						CreatedOnToolsVersion = 14.3.1;
					};
					1B05AFC32B43B47300F02D5C = {
						CreatedOnToolsVersion = 14.3.1;
						TestTargetID = 1B05AFA82B43B47100F02D5C;
					};
					1B05AFCD2B43B47300F02D5C = {
						CreatedOnToolsVersion = 14.3.1;
						TestTargetID = 1B05AFA82B43B47100F02D5C;
					};
				};
			};
			buildConfigurationList = 1B05AFA42B43B47100F02D5C /* Build configuration list for PBXProject "OBJC-Todo" */;
			compatibilityVersion = "Xcode 14.0";
			developmentRegion = en;
			hasScannedForEncodings = 0;
			knownRegions = (
				en,
				Base,
			);
			mainGroup = 1B05AFA02B43B47100F02D5C;
			productRefGroup = 1B05AFAA2B43B47100F02D5C /* Products */;
			projectDirPath = "";
			projectRoot = "";
			targets = (
				1B05AFA82B43B47100F02D5C /* OBJC-Todo */,
				1B05AFC32B43B47300F02D5C /* OBJC-TodoTests */,
				1B05AFCD2B43B47300F02D5C /* OBJC-TodoUITests */,
			);
		};
/* End PBXProject section */

/* Begin PBXResourcesBuildPhase section */
		1B05AFA72B43B47100F02D5C /* Resources */ = {
			isa = PBXResourcesBuildPhase;
			buildActionMask = 2147483647;
			files = (
				1B05AFF32B43DCF200F02D5C /* MainTableViewCell.xib in Resources */,
				1B05AFBC2B43B47300F02D5C /* LaunchScreen.storyboard in Resources */,
				1B05AFE92B43BD2400F02D5C /* Assets.xcassets in Resources */,
				1B05AFB72B43B47100F02D5C /* Main.storyboard in Resources */,
				421F5CA846E2F4F5BC832CEC /* README.md in Resources */,
				421F5A617B6845A679071EF3 /* Podfile in Resources */,
			);
			runOnlyForDeploymentPostprocessing = 0;
		};
		1B05AFC22B43B47300F02D5C /* Resources */ = {
			isa = PBXResourcesBuildPhase;
			buildActionMask = 2147483647;
			files = (
			);
			runOnlyForDeploymentPostprocessing = 0;
		};
		1B05AFCC2B43B47300F02D5C /* Resources */ = {
			isa = PBXResourcesBuildPhase;
			buildActionMask = 2147483647;
			files = (
			);
			runOnlyForDeploymentPostprocessing = 0;
		};
/* End PBXResourcesBuildPhase section */

/* Begin PBXShellScriptBuildPhase section */
		40E1DBC9FAE5B90A1861CF32 /* [CP] Check Pods Manifest.lock */ = {
			isa = PBXShellScriptBuildPhase;
			buildActionMask = 2147483647;
			files = (
			);
			inputFileListPaths = (
			);
			inputPaths = (
				"${PODS_PODFILE_DIR_PATH}/Podfile.lock",
				"${PODS_ROOT}/Manifest.lock",
			);
			name = "[CP] Check Pods Manifest.lock";
			outputFileListPaths = (
			);
			outputPaths = (
				"$(DERIVED_FILE_DIR)/Pods-OBJC-Todo-checkManifestLockResult.txt",
			);
			runOnlyForDeploymentPostprocessing = 0;
			shellPath = /bin/sh;
			shellScript = "diff \"${PODS_PODFILE_DIR_PATH}/Podfile.lock\" \"${PODS_ROOT}/Manifest.lock\" > /dev/null\nif [ $? != 0 ] ; then\n    # print error to STDERR\n    echo \"error: The sandbox is not in sync with the Podfile.lock. Run 'pod install' or update your CocoaPods installation.\" >&2\n    exit 1\nfi\n# This output is used by Xcode 'outputs' to avoid re-running this script phase.\necho \"SUCCESS\" > \"${SCRIPT_OUTPUT_FILE_0}\"\n";
			showEnvVarsInLog = 0;
		};
		5F75DCA84D25AF11A1E9E24A /* [CP] Check Pods Manifest.lock */ = {
			isa = PBXShellScriptBuildPhase;
			buildActionMask = 2147483647;
			files = (
			);
			inputFileListPaths = (
			);
			inputPaths = (
				"${PODS_PODFILE_DIR_PATH}/Podfile.lock",
				"${PODS_ROOT}/Manifest.lock",
			);
			name = "[CP] Check Pods Manifest.lock";
			outputFileListPaths = (
			);
			outputPaths = (
				"$(DERIVED_FILE_DIR)/Pods-OBJC-TodoTests-checkManifestLockResult.txt",
			);
			runOnlyForDeploymentPostprocessing = 0;
			shellPath = /bin/sh;
			shellScript = "diff \"${PODS_PODFILE_DIR_PATH}/Podfile.lock\" \"${PODS_ROOT}/Manifest.lock\" > /dev/null\nif [ $? != 0 ] ; then\n    # print error to STDERR\n    echo \"error: The sandbox is not in sync with the Podfile.lock. Run 'pod install' or update your CocoaPods installation.\" >&2\n    exit 1\nfi\n# This output is used by Xcode 'outputs' to avoid re-running this script phase.\necho \"SUCCESS\" > \"${SCRIPT_OUTPUT_FILE_0}\"\n";
			showEnvVarsInLog = 0;
		};
		ADB39D8F1271C3C48B6615B3 /* [CP] Check Pods Manifest.lock */ = {
			isa = PBXShellScriptBuildPhase;
			buildActionMask = 2147483647;
			files = (
			);
			inputFileListPaths = (
			);
			inputPaths = (
				"${PODS_PODFILE_DIR_PATH}/Podfile.lock",
				"${PODS_ROOT}/Manifest.lock",
			);
			name = "[CP] Check Pods Manifest.lock";
			outputFileListPaths = (
			);
			outputPaths = (
				"$(DERIVED_FILE_DIR)/Pods-OBJC-Todo-OBJC-TodoUITests-checkManifestLockResult.txt",
			);
			runOnlyForDeploymentPostprocessing = 0;
			shellPath = /bin/sh;
			shellScript = "diff \"${PODS_PODFILE_DIR_PATH}/Podfile.lock\" \"${PODS_ROOT}/Manifest.lock\" > /dev/null\nif [ $? != 0 ] ; then\n    # print error to STDERR\n    echo \"error: The sandbox is not in sync with the Podfile.lock. Run 'pod install' or update your CocoaPods installation.\" >&2\n    exit 1\nfi\n# This output is used by Xcode 'outputs' to avoid re-running this script phase.\necho \"SUCCESS\" > \"${SCRIPT_OUTPUT_FILE_0}\"\n";
			showEnvVarsInLog = 0;
		};
		B33E31FD8A8FF1D072FB8B8B /* [CP] Embed Pods Frameworks */ = {
			isa = PBXShellScriptBuildPhase;
			buildActionMask = 2147483647;
			files = (
			);
			inputFileListPaths = (
				"${PODS_ROOT}/Target Support Files/Pods-OBJC-Todo-OBJC-TodoUITests/Pods-OBJC-Todo-OBJC-TodoUITests-frameworks-${CONFIGURATION}-input-files.xcfilelist",
			);
			name = "[CP] Embed Pods Frameworks";
			outputFileListPaths = (
				"${PODS_ROOT}/Target Support Files/Pods-OBJC-Todo-OBJC-TodoUITests/Pods-OBJC-Todo-OBJC-TodoUITests-frameworks-${CONFIGURATION}-output-files.xcfilelist",
			);
			runOnlyForDeploymentPostprocessing = 0;
			shellPath = /bin/sh;
			shellScript = "\"${PODS_ROOT}/Target Support Files/Pods-OBJC-Todo-OBJC-TodoUITests/Pods-OBJC-Todo-OBJC-TodoUITests-frameworks.sh\"\n";
			showEnvVarsInLog = 0;
		};
		C9E9888FF666033C4ED3BC52 /* [CP] Embed Pods Frameworks */ = {
			isa = PBXShellScriptBuildPhase;
			buildActionMask = 2147483647;
			files = (
			);
			inputFileListPaths = (
				"${PODS_ROOT}/Target Support Files/Pods-OBJC-Todo/Pods-OBJC-Todo-frameworks-${CONFIGURATION}-input-files.xcfilelist",
			);
			name = "[CP] Embed Pods Frameworks";
			outputFileListPaths = (
				"${PODS_ROOT}/Target Support Files/Pods-OBJC-Todo/Pods-OBJC-Todo-frameworks-${CONFIGURATION}-output-files.xcfilelist",
			);
			runOnlyForDeploymentPostprocessing = 0;
			shellPath = /bin/sh;
			shellScript = "\"${PODS_ROOT}/Target Support Files/Pods-OBJC-Todo/Pods-OBJC-Todo-frameworks.sh\"\n";
			showEnvVarsInLog = 0;
		};
/* End PBXShellScriptBuildPhase section */

/* Begin PBXSourcesBuildPhase section */
		1B05AFA52B43B47100F02D5C /* Sources */ = {
			isa = PBXSourcesBuildPhase;
			buildActionMask = 2147483647;
			files = (
				1B05AFEC2B43BD2400F02D5C /* AppDelegate.m in Sources */,
				1B05AFB42B43B47100F02D5C /* MainViewController.m in Sources */,
				1B05B0002B453EEA00F02D5C /* MainTableViewCell.m in Sources */,
				1B05AFEA2B43BD2400F02D5C /* SceneDelegate.m in Sources */,
				1B05AFFD2B44FB1E00F02D5C /* TodoModel.m in Sources */,
				1B05AFBF2B43B47300F02D5C /* main.m in Sources */,
			);
			runOnlyForDeploymentPostprocessing = 0;
		};
		1B05AFC02B43B47300F02D5C /* Sources */ = {
			isa = PBXSourcesBuildPhase;
			buildActionMask = 2147483647;
			files = (
				1B05AFC92B43B47300F02D5C /* OBJC_TodoTests.m in Sources */,
			);
			runOnlyForDeploymentPostprocessing = 0;
		};
		1B05AFCA2B43B47300F02D5C /* Sources */ = {
			isa = PBXSourcesBuildPhase;
			buildActionMask = 2147483647;
			files = (
				1B05AFD52B43B47300F02D5C /* OBJC_TodoUITestsLaunchTests.m in Sources */,
				1B05AFD32B43B47300F02D5C /* OBJC_TodoUITests.m in Sources */,
			);
			runOnlyForDeploymentPostprocessing = 0;
		};
/* End PBXSourcesBuildPhase section */

/* Begin PBXTargetDependency section */
		1B05AFC62B43B47300F02D5C /* PBXTargetDependency */ = {
			isa = PBXTargetDependency;
			target = 1B05AFA82B43B47100F02D5C /* OBJC-Todo */;
			targetProxy = 1B05AFC52B43B47300F02D5C /* PBXContainerItemProxy */;
		};
		1B05AFD02B43B47300F02D5C /* PBXTargetDependency */ = {
			isa = PBXTargetDependency;
			target = 1B05AFA82B43B47100F02D5C /* OBJC-Todo */;
			targetProxy = 1B05AFCF2B43B47300F02D5C /* PBXContainerItemProxy */;
		};
/* End PBXTargetDependency section */

/* Begin PBXVariantGroup section */
		1B05AFB52B43B47100F02D5C /* Main.storyboard */ = {
			isa = PBXVariantGroup;
			children = (
				1B05AFB62B43B47100F02D5C /* Base */,
			);
			name = Main.storyboard;
			sourceTree = "<group>";
		};
		1B05AFBA2B43B47300F02D5C /* LaunchScreen.storyboard */ = {
			isa = PBXVariantGroup;
			children = (
				1B05AFBB2B43B47300F02D5C /* Base */,
			);
			name = LaunchScreen.storyboard;
			sourceTree = "<group>";
		};
/* End PBXVariantGroup section */

/* Begin XCBuildConfiguration section */
		1B05AFD62B43B47300F02D5C /* Debug */ = {
			isa = XCBuildConfiguration;
			buildSettings = {
				ALWAYS_SEARCH_USER_PATHS = NO;
				CLANG_ANALYZER_NONNULL = YES;
				CLANG_ANALYZER_NUMBER_OBJECT_CONVERSION = YES_AGGRESSIVE;
				CLANG_CXX_LANGUAGE_STANDARD = "gnu++20";
				CLANG_ENABLE_MODULES = YES;
				CLANG_ENABLE_OBJC_ARC = YES;
				CLANG_ENABLE_OBJC_WEAK = YES;
				CLANG_WARN_BLOCK_CAPTURE_AUTORELEASING = YES;
				CLANG_WARN_BOOL_CONVERSION = YES;
				CLANG_WARN_COMMA = YES;
				CLANG_WARN_CONSTANT_CONVERSION = YES;
				CLANG_WARN_DEPRECATED_OBJC_IMPLEMENTATIONS = YES;
				CLANG_WARN_DIRECT_OBJC_ISA_USAGE = YES_ERROR;
				CLANG_WARN_DOCUMENTATION_COMMENTS = YES;
				CLANG_WARN_EMPTY_BODY = YES;
				CLANG_WARN_ENUM_CONVERSION = YES;
				CLANG_WARN_INFINITE_RECURSION = YES;
				CLANG_WARN_INT_CONVERSION = YES;
				CLANG_WARN_NON_LITERAL_NULL_CONVERSION = YES;
				CLANG_WARN_OBJC_IMPLICIT_RETAIN_SELF = YES;
				CLANG_WARN_OBJC_LITERAL_CONVERSION = YES;
				CLANG_WARN_OBJC_ROOT_CLASS = YES_ERROR;
				CLANG_WARN_QUOTED_INCLUDE_IN_FRAMEWORK_HEADER = YES;
				CLANG_WARN_RANGE_LOOP_ANALYSIS = YES;
				CLANG_WARN_STRICT_PROTOTYPES = YES;
				CLANG_WARN_SUSPICIOUS_MOVE = YES;
				CLANG_WARN_UNGUARDED_AVAILABILITY = YES_AGGRESSIVE;
				CLANG_WARN_UNREACHABLE_CODE = YES;
				CLANG_WARN__DUPLICATE_METHOD_MATCH = YES;
				COPY_PHASE_STRIP = NO;
				DEBUG_INFORMATION_FORMAT = dwarf;
				ENABLE_STRICT_OBJC_MSGSEND = YES;
				ENABLE_TESTABILITY = YES;
				GCC_C_LANGUAGE_STANDARD = gnu11;
				GCC_DYNAMIC_NO_PIC = NO;
				GCC_NO_COMMON_BLOCKS = YES;
				GCC_OPTIMIZATION_LEVEL = 0;
				GCC_PREPROCESSOR_DEFINITIONS = (
					"DEBUG=1",
					"$(inherited)",
				);
				GCC_WARN_64_TO_32_BIT_CONVERSION = YES;
				GCC_WARN_ABOUT_RETURN_TYPE = YES_ERROR;
				GCC_WARN_UNDECLARED_SELECTOR = YES;
				GCC_WARN_UNINITIALIZED_AUTOS = YES_AGGRESSIVE;
				GCC_WARN_UNUSED_FUNCTION = YES;
				GCC_WARN_UNUSED_VARIABLE = YES;
				IPHONEOS_DEPLOYMENT_TARGET = 16.4;
				MTL_ENABLE_DEBUG_INFO = INCLUDE_SOURCE;
				MTL_FAST_MATH = YES;
				ONLY_ACTIVE_ARCH = YES;
				SDKROOT = iphoneos;
			};
			name = Debug;
		};
		1B05AFD72B43B47300F02D5C /* Release */ = {
			isa = XCBuildConfiguration;
			buildSettings = {
				ALWAYS_SEARCH_USER_PATHS = NO;
				CLANG_ANALYZER_NONNULL = YES;
				CLANG_ANALYZER_NUMBER_OBJECT_CONVERSION = YES_AGGRESSIVE;
				CLANG_CXX_LANGUAGE_STANDARD = "gnu++20";
				CLANG_ENABLE_MODULES = YES;
				CLANG_ENABLE_OBJC_ARC = YES;
				CLANG_ENABLE_OBJC_WEAK = YES;
				CLANG_WARN_BLOCK_CAPTURE_AUTORELEASING = YES;
				CLANG_WARN_BOOL_CONVERSION = YES;
				CLANG_WARN_COMMA = YES;
				CLANG_WARN_CONSTANT_CONVERSION = YES;
				CLANG_WARN_DEPRECATED_OBJC_IMPLEMENTATIONS = YES;
				CLANG_WARN_DIRECT_OBJC_ISA_USAGE = YES_ERROR;
				CLANG_WARN_DOCUMENTATION_COMMENTS = YES;
				CLANG_WARN_EMPTY_BODY = YES;
				CLANG_WARN_ENUM_CONVERSION = YES;
				CLANG_WARN_INFINITE_RECURSION = YES;
				CLANG_WARN_INT_CONVERSION = YES;
				CLANG_WARN_NON_LITERAL_NULL_CONVERSION = YES;
				CLANG_WARN_OBJC_IMPLICIT_RETAIN_SELF = YES;
				CLANG_WARN_OBJC_LITERAL_CONVERSION = YES;
				CLANG_WARN_OBJC_ROOT_CLASS = YES_ERROR;
				CLANG_WARN_QUOTED_INCLUDE_IN_FRAMEWORK_HEADER = YES;
				CLANG_WARN_RANGE_LOOP_ANALYSIS = YES;
				CLANG_WARN_STRICT_PROTOTYPES = YES;
				CLANG_WARN_SUSPICIOUS_MOVE = YES;
				CLANG_WARN_UNGUARDED_AVAILABILITY = YES_AGGRESSIVE;
				CLANG_WARN_UNREACHABLE_CODE = YES;
				CLANG_WARN__DUPLICATE_METHOD_MATCH = YES;
				COPY_PHASE_STRIP = NO;
				DEBUG_INFORMATION_FORMAT = "dwarf-with-dsym";
				ENABLE_NS_ASSERTIONS = NO;
				ENABLE_STRICT_OBJC_MSGSEND = YES;
				GCC_C_LANGUAGE_STANDARD = gnu11;
				GCC_NO_COMMON_BLOCKS = YES;
				GCC_WARN_64_TO_32_BIT_CONVERSION = YES;
				GCC_WARN_ABOUT_RETURN_TYPE = YES_ERROR;
				GCC_WARN_UNDECLARED_SELECTOR = YES;
				GCC_WARN_UNINITIALIZED_AUTOS = YES_AGGRESSIVE;
				GCC_WARN_UNUSED_FUNCTION = YES;
				GCC_WARN_UNUSED_VARIABLE = YES;
				IPHONEOS_DEPLOYMENT_TARGET = 16.4;
				MTL_ENABLE_DEBUG_INFO = NO;
				MTL_FAST_MATH = YES;
				SDKROOT = iphoneos;
				VALIDATE_PRODUCT = YES;
			};
			name = Release;
		};
		1B05AFD92B43B47300F02D5C /* Debug */ = {
			isa = XCBuildConfiguration;
			baseConfigurationReference = 48BB67BD92000AC2A3249697 /* Pods-OBJC-Todo.debug.xcconfig */;
			buildSettings = {
				ASSETCATALOG_COMPILER_APPICON_NAME = AppIcon;
				ASSETCATALOG_COMPILER_GLOBAL_ACCENT_COLOR_NAME = AccentColor;
				CODE_SIGN_STYLE = Automatic;
				CURRENT_PROJECT_VERSION = 1;
				DEVELOPMENT_TEAM = L3ZPWB4HNK;
				GENERATE_INFOPLIST_FILE = YES;
				INFOPLIST_FILE = "OBJC-Todo/Resources/Info.plist";
				INFOPLIST_KEY_UIApplicationSupportsIndirectInputEvents = YES;
				INFOPLIST_KEY_UILaunchStoryboardName = LaunchScreen;
				INFOPLIST_KEY_UIMainStoryboardFile = Main;
				INFOPLIST_KEY_UISupportedInterfaceOrientations_iPad = "UIInterfaceOrientationPortrait UIInterfaceOrientationPortraitUpsideDown UIInterfaceOrientationLandscapeLeft UIInterfaceOrientationLandscapeRight";
				INFOPLIST_KEY_UISupportedInterfaceOrientations_iPhone = "UIInterfaceOrientationPortrait UIInterfaceOrientationLandscapeLeft UIInterfaceOrientationLandscapeRight";
				LD_RUNPATH_SEARCH_PATHS = (
					"$(inherited)",
					"@executable_path/Frameworks",
				);
				MARKETING_VERSION = 1.0;
				PRODUCT_BUNDLE_IDENTIFIER = "com.sanghwiback.OBJC-Todo";
				PRODUCT_NAME = "$(TARGET_NAME)";
				SWIFT_EMIT_LOC_STRINGS = YES;
				TARGETED_DEVICE_FAMILY = "1,2";
			};
			name = Debug;
		};
		1B05AFDA2B43B47300F02D5C /* Release */ = {
			isa = XCBuildConfiguration;
			baseConfigurationReference = A7161D1D34CDD5B3AA2F5F2A /* Pods-OBJC-Todo.release.xcconfig */;
			buildSettings = {
				ASSETCATALOG_COMPILER_APPICON_NAME = AppIcon;
				ASSETCATALOG_COMPILER_GLOBAL_ACCENT_COLOR_NAME = AccentColor;
				CODE_SIGN_STYLE = Automatic;
				CURRENT_PROJECT_VERSION = 1;
				DEVELOPMENT_TEAM = L3ZPWB4HNK;
				GENERATE_INFOPLIST_FILE = YES;
				INFOPLIST_FILE = "OBJC-Todo/Resources/Info.plist";
				INFOPLIST_KEY_UIApplicationSupportsIndirectInputEvents = YES;
				INFOPLIST_KEY_UILaunchStoryboardName = LaunchScreen;
				INFOPLIST_KEY_UIMainStoryboardFile = Main;
				INFOPLIST_KEY_UISupportedInterfaceOrientations_iPad = "UIInterfaceOrientationPortrait UIInterfaceOrientationPortraitUpsideDown UIInterfaceOrientationLandscapeLeft UIInterfaceOrientationLandscapeRight";
				INFOPLIST_KEY_UISupportedInterfaceOrientations_iPhone = "UIInterfaceOrientationPortrait UIInterfaceOrientationLandscapeLeft UIInterfaceOrientationLandscapeRight";
				LD_RUNPATH_SEARCH_PATHS = (
					"$(inherited)",
					"@executable_path/Frameworks",
				);
				MARKETING_VERSION = 1.0;
				PRODUCT_BUNDLE_IDENTIFIER = "com.sanghwiback.OBJC-Todo";
				PRODUCT_NAME = "$(TARGET_NAME)";
				SWIFT_EMIT_LOC_STRINGS = YES;
				TARGETED_DEVICE_FAMILY = "1,2";
			};
			name = Release;
		};
		1B05AFDC2B43B47300F02D5C /* Debug */ = {
			isa = XCBuildConfiguration;
			baseConfigurationReference = 8106CB0E1D6F66641131A76C /* Pods-OBJC-TodoTests.debug.xcconfig */;
			buildSettings = {
				BUNDLE_LOADER = "$(TEST_HOST)";
				CODE_SIGN_STYLE = Automatic;
				CURRENT_PROJECT_VERSION = 1;
				DEVELOPMENT_TEAM = L3ZPWB4HNK;
				GENERATE_INFOPLIST_FILE = YES;
				IPHONEOS_DEPLOYMENT_TARGET = 16.4;
				MARKETING_VERSION = 1.0;
				PRODUCT_BUNDLE_IDENTIFIER = "com.sanghwiback.OBJC-TodoTests";
				PRODUCT_NAME = "$(TARGET_NAME)";
				SWIFT_EMIT_LOC_STRINGS = NO;
				TARGETED_DEVICE_FAMILY = "1,2";
				TEST_HOST = "$(BUILT_PRODUCTS_DIR)/OBJC-Todo.app/$(BUNDLE_EXECUTABLE_FOLDER_PATH)/OBJC-Todo";
			};
			name = Debug;
		};
		1B05AFDD2B43B47300F02D5C /* Release */ = {
			isa = XCBuildConfiguration;
			baseConfigurationReference = 0A99ADC1C634F047227E5E67 /* Pods-OBJC-TodoTests.release.xcconfig */;
			buildSettings = {
				BUNDLE_LOADER = "$(TEST_HOST)";
				CODE_SIGN_STYLE = Automatic;
				CURRENT_PROJECT_VERSION = 1;
				DEVELOPMENT_TEAM = L3ZPWB4HNK;
				GENERATE_INFOPLIST_FILE = YES;
				IPHONEOS_DEPLOYMENT_TARGET = 16.4;
				MARKETING_VERSION = 1.0;
				PRODUCT_BUNDLE_IDENTIFIER = "com.sanghwiback.OBJC-TodoTests";
				PRODUCT_NAME = "$(TARGET_NAME)";
				SWIFT_EMIT_LOC_STRINGS = NO;
				TARGETED_DEVICE_FAMILY = "1,2";
				TEST_HOST = "$(BUILT_PRODUCTS_DIR)/OBJC-Todo.app/$(BUNDLE_EXECUTABLE_FOLDER_PATH)/OBJC-Todo";
			};
			name = Release;
		};
		1B05AFDF2B43B47300F02D5C /* Debug */ = {
			isa = XCBuildConfiguration;
			baseConfigurationReference = EC8795938AB9CF0BCCE64917 /* Pods-OBJC-Todo-OBJC-TodoUITests.debug.xcconfig */;
			buildSettings = {
				CODE_SIGN_STYLE = Automatic;
				CURRENT_PROJECT_VERSION = 1;
				DEVELOPMENT_TEAM = L3ZPWB4HNK;
				GENERATE_INFOPLIST_FILE = YES;
				MARKETING_VERSION = 1.0;
				PRODUCT_BUNDLE_IDENTIFIER = "com.sanghwiback.OBJC-TodoUITests";
				PRODUCT_NAME = "$(TARGET_NAME)";
				SWIFT_EMIT_LOC_STRINGS = NO;
				TARGETED_DEVICE_FAMILY = "1,2";
				TEST_TARGET_NAME = "OBJC-Todo";
			};
			name = Debug;
		};
		1B05AFE02B43B47300F02D5C /* Release */ = {
			isa = XCBuildConfiguration;
			baseConfigurationReference = 112467C469C061F19D8FD6E0 /* Pods-OBJC-Todo-OBJC-TodoUITests.release.xcconfig */;
			buildSettings = {
				CODE_SIGN_STYLE = Automatic;
				CURRENT_PROJECT_VERSION = 1;
				DEVELOPMENT_TEAM = L3ZPWB4HNK;
				GENERATE_INFOPLIST_FILE = YES;
				MARKETING_VERSION = 1.0;
				PRODUCT_BUNDLE_IDENTIFIER = "com.sanghwiback.OBJC-TodoUITests";
				PRODUCT_NAME = "$(TARGET_NAME)";
				SWIFT_EMIT_LOC_STRINGS = NO;
				TARGETED_DEVICE_FAMILY = "1,2";
				TEST_TARGET_NAME = "OBJC-Todo";
			};
			name = Release;
		};
/* End XCBuildConfiguration section */

/* Begin XCConfigurationList section */
		1B05AFA42B43B47100F02D5C /* Build configuration list for PBXProject "OBJC-Todo" */ = {
			isa = XCConfigurationList;
			buildConfigurations = (
				1B05AFD62B43B47300F02D5C /* Debug */,
				1B05AFD72B43B47300F02D5C /* Release */,
			);
			defaultConfigurationIsVisible = 0;
			defaultConfigurationName = Release;
		};
		1B05AFD82B43B47300F02D5C /* Build configuration list for PBXNativeTarget "OBJC-Todo" */ = {
			isa = XCConfigurationList;
			buildConfigurations = (
				1B05AFD92B43B47300F02D5C /* Debug */,
				1B05AFDA2B43B47300F02D5C /* Release */,
			);
			defaultConfigurationIsVisible = 0;
			defaultConfigurationName = Release;
		};
		1B05AFDB2B43B47300F02D5C /* Build configuration list for PBXNativeTarget "OBJC-TodoTests" */ = {
			isa = XCConfigurationList;
			buildConfigurations = (
				1B05AFDC2B43B47300F02D5C /* Debug */,
				1B05AFDD2B43B47300F02D5C /* Release */,
			);
			defaultConfigurationIsVisible = 0;
			defaultConfigurationName = Release;
		};
		1B05AFDE2B43B47300F02D5C /* Build configuration list for PBXNativeTarget "OBJC-TodoUITests" */ = {
			isa = XCConfigurationList;
			buildConfigurations = (
				1B05AFDF2B43B47300F02D5C /* Debug */,
				1B05AFE02B43B47300F02D5C /* Release */,
			);
			defaultConfigurationIsVisible = 0;
			defaultConfigurationName = Release;
		};
/* End XCConfigurationList section */
	};
	rootObject = 1B05AFA12B43B47100F02D5C /* Project object */;
}
